
Microsoft Visual Studio Solution File, Format Version 12.00
# Visual Studio 15
Project("{FAE04EC0-301F-11D3-BF4B-00C04F79EFBC}") = "Assembly-CSharp", "Assembly-CSharp.csproj", "{F72FB989-DD1A-AF4E-87F1-DB2EE897BC7A}"
EndProject
Global
	GlobalSection(SolutionConfigurationPlatforms) = preSolution
		Debug|Any CPU = Debug|Any CPU
		Release|Any CPU = Release|Any CPU
	EndGlobalSection
	GlobalSection(ProjectConfigurationPlatforms) = postSolution
		{F72FB989-DD1A-AF4E-87F1-DB2EE897BC7A}.Debug|Any CPU.ActiveCfg = Debug|Any CPU
		{F72FB989-DD1A-AF4E-87F1-DB2EE897BC7A}.Debug|Any CPU.Build.0 = Debug|Any CPU
		{F72FB989-DD1A-AF4E-87F1-DB2EE897BC7A}.Release|Any CPU.ActiveCfg = Release|Any CPU
		{F72FB989-DD1A-AF4E-87F1-DB2EE897BC7A}.Release|Any CPU.Build.0 = Release|Any CPU
	EndGlobalSection
	GlobalSection(SolutionProperties) = preSolution
		HideSolutionNode = FALSE
	EndGlobalSection
EndGlobal
